
Microsoft Visual Studio Solution File, Format Version 12.00
# Visual Studio Version 17
VisualStudioVersion = 17.1.32210.238
MinimumVisualStudioVersion = 10.0.40219.1
Project("{9A19103F-16F7-4668-BE54-9A1E7A4F7556}") = "WSSignlR", "WSSignlR\WSSignlR.csproj", "{9B0EC57F-95BB-4028-BFAA-A4C9DF8A54E0}"
EndProject
Project("{9A19103F-16F7-4668-BE54-9A1E7A4F7556}") = "SO115App.Models", "..\SO115App.Models\SO115App.Models.csproj", "{762278DB-9DBE-43DF-AF37-B9DF18343DD1}"
EndProject
Global
	GlobalSection(SolutionConfigurationPlatforms) = preSolution
		Debug|Any CPU = Debug|Any CPU
		Release|Any CPU = Release|Any CPU
	EndGlobalSection
	GlobalSection(ProjectConfigurationPlatforms) = postSolution
		{9B0EC57F-95BB-4028-BFAA-A4C9DF8A54E0}.Debug|Any CPU.ActiveCfg = Debug|Any CPU
		{9B0EC57F-95BB-4028-BFAA-A4C9DF8A54E0}.Debug|Any CPU.Build.0 = Debug|Any CPU
		{9B0EC57F-95BB-4028-BFAA-A4C9DF8A54E0}.Release|Any CPU.ActiveCfg = Release|Any CPU
		{9B0EC57F-95BB-4028-BFAA-A4C9DF8A54E0}.Release|Any CPU.Build.0 = Release|Any CPU
		{762278DB-9DBE-43DF-AF37-B9DF18343DD1}.Debug|Any CPU.ActiveCfg = Debug|Any CPU
		{762278DB-9DBE-43DF-AF37-B9DF18343DD1}.Debug|Any CPU.Build.0 = Debug|Any CPU
		{762278DB-9DBE-43DF-AF37-B9DF18343DD1}.Release|Any CPU.ActiveCfg = Release|Any CPU
		{762278DB-9DBE-43DF-AF37-B9DF18343DD1}.Release|Any CPU.Build.0 = Release|Any CPU
	EndGlobalSection
	GlobalSection(SolutionProperties) = preSolution
		HideSolutionNode = FALSE
	EndGlobalSection
	GlobalSection(ExtensibilityGlobals) = postSolution
		SolutionGuid = {10E4B00F-0CEA-4ADE-926B-9756B8C7FF22}
	EndGlobalSection
EndGlobal
