
Microsoft Visual Studio Solution File, Format Version 12.00
# Visual Studio Version 16
VisualStudioVersion = 16.0.31005.135
MinimumVisualStudioVersion = 10.0.40219.1
Project("{FAE04EC0-301F-11D3-BF4B-00C04F79EFBC}") = "SO115App.WSNue", "SO115App.WSNue.csproj", "{17DE92F0-ECE6-4864-9A8D-5A540C96D7A4}"
EndProject
Global
	GlobalSection(SolutionConfigurationPlatforms) = preSolution
		Debug|Any CPU = Debug|Any CPU
		Release|Any CPU = Release|Any CPU
	EndGlobalSection
	GlobalSection(ProjectConfigurationPlatforms) = postSolution
		{17DE92F0-ECE6-4864-9A8D-5A540C96D7A4}.Debug|Any CPU.ActiveCfg = Debug|Any CPU
		{17DE92F0-ECE6-4864-9A8D-5A540C96D7A4}.Debug|Any CPU.Build.0 = Debug|Any CPU
		{17DE92F0-ECE6-4864-9A8D-5A540C96D7A4}.Release|Any CPU.ActiveCfg = Release|Any CPU
		{17DE92F0-ECE6-4864-9A8D-5A540C96D7A4}.Release|Any CPU.Build.0 = Release|Any CPU
	EndGlobalSection
	GlobalSection(SolutionProperties) = preSolution
		HideSolutionNode = FALSE
	EndGlobalSection
	GlobalSection(ExtensibilityGlobals) = postSolution
		SolutionGuid = {ED7FD4D9-26B8-4E7B-8933-A7D5690DBAA8}
	EndGlobalSection
EndGlobal
