
Microsoft Visual Studio Solution File, Format Version 12.00
# Visual Studio Version 16
VisualStudioVersion = 16.0.30104.148
MinimumVisualStudioVersion = 10.0.40219.1
Project("{FAE04EC0-301F-11D3-BF4B-00C04F79EFBC}") = "SO115App.API.Oracle", "SO115App.API.Oracle\SO115App.API.Oracle.csproj", "{2CBA8ED2-53D4-4DC1-A30E-3DECFE00B5F1}"
EndProject
Project("{FAE04EC0-301F-11D3-BF4B-00C04F79EFBC}") = "SO115App.API.Oracle.Core", "SO115App.API.Oracle.Core\SO115App.API.Oracle.Core.csproj", "{B279ED8A-1BA0-4765-BAB6-BFF17A747A03}"
EndProject
Project("{FAE04EC0-301F-11D3-BF4B-00C04F79EFBC}") = "SO115App.Persistance.Oracle.Core", "SO115App.Persistance.Oracle.Core\SO115App.Persistance.Oracle.Core.csproj", "{77D3CF78-43DC-4F00-9E42-256196F68306}"
EndProject
Project("{FAE04EC0-301F-11D3-BF4B-00C04F79EFBC}") = "SO115App.Persistence.Oracle", "SO115App.Persistence.Oracle\SO115App.Persistence.Oracle.csproj", "{844070FF-EF4D-4C1A-A818-2B04061E786F}"
EndProject
Global
	GlobalSection(SolutionConfigurationPlatforms) = preSolution
		Debug|Any CPU = Debug|Any CPU
		Release|Any CPU = Release|Any CPU
	EndGlobalSection
	GlobalSection(ProjectConfigurationPlatforms) = postSolution
		{2CBA8ED2-53D4-4DC1-A30E-3DECFE00B5F1}.Debug|Any CPU.ActiveCfg = Debug|Any CPU
		{2CBA8ED2-53D4-4DC1-A30E-3DECFE00B5F1}.Debug|Any CPU.Build.0 = Debug|Any CPU
		{2CBA8ED2-53D4-4DC1-A30E-3DECFE00B5F1}.Release|Any CPU.ActiveCfg = Release|Any CPU
		{2CBA8ED2-53D4-4DC1-A30E-3DECFE00B5F1}.Release|Any CPU.Build.0 = Release|Any CPU
		{B279ED8A-1BA0-4765-BAB6-BFF17A747A03}.Debug|Any CPU.ActiveCfg = Debug|Any CPU
		{B279ED8A-1BA0-4765-BAB6-BFF17A747A03}.Debug|Any CPU.Build.0 = Debug|Any CPU
		{B279ED8A-1BA0-4765-BAB6-BFF17A747A03}.Release|Any CPU.ActiveCfg = Release|Any CPU
		{B279ED8A-1BA0-4765-BAB6-BFF17A747A03}.Release|Any CPU.Build.0 = Release|Any CPU
		{77D3CF78-43DC-4F00-9E42-256196F68306}.Debug|Any CPU.ActiveCfg = Debug|Any CPU
		{77D3CF78-43DC-4F00-9E42-256196F68306}.Debug|Any CPU.Build.0 = Debug|Any CPU
		{77D3CF78-43DC-4F00-9E42-256196F68306}.Release|Any CPU.ActiveCfg = Release|Any CPU
		{77D3CF78-43DC-4F00-9E42-256196F68306}.Release|Any CPU.Build.0 = Release|Any CPU
		{844070FF-EF4D-4C1A-A818-2B04061E786F}.Debug|Any CPU.ActiveCfg = Debug|Any CPU
		{844070FF-EF4D-4C1A-A818-2B04061E786F}.Debug|Any CPU.Build.0 = Debug|Any CPU
		{844070FF-EF4D-4C1A-A818-2B04061E786F}.Release|Any CPU.ActiveCfg = Release|Any CPU
		{844070FF-EF4D-4C1A-A818-2B04061E786F}.Release|Any CPU.Build.0 = Release|Any CPU
	EndGlobalSection
	GlobalSection(SolutionProperties) = preSolution
		HideSolutionNode = FALSE
	EndGlobalSection
	GlobalSection(ExtensibilityGlobals) = postSolution
		SolutionGuid = {FAE3AFCC-B5D6-468B-94D0-AC76C45B4579}
	EndGlobalSection
EndGlobal
