
Microsoft Visual Studio Solution File, Format Version 12.00
# Visual Studio Version 16
VisualStudioVersion = 16.0.28922.388
MinimumVisualStudioVersion = 10.0.40219.1
Project("{9A19103F-16F7-4668-BE54-9A1E7A4F7556}") = "SO115App.API", "SO115App.API\SO115App.API.csproj", "{42DE1A08-3415-4767-9D2A-FC4D6B36799B}"
EndProject
Project("{9A19103F-16F7-4668-BE54-9A1E7A4F7556}") = "SO115App.API.SOVVF.FakeImplementations", "SO115App.API.SOVVF.FakeImplementations\SO115App.API.SOVVF.FakeImplementations.csproj", "{56F67366-71F8-4728-A13A-7B2174C399E6}"
EndProject
Project("{9A19103F-16F7-4668-BE54-9A1E7A4F7556}") = "SO115App.CompositionRoot", "SO115App.CompositionRoot\SO115App.CompositionRoot.csproj", "{0B18590F-199F-45CB-A969-E2ADC42991AA}"
EndProject
Project("{9A19103F-16F7-4668-BE54-9A1E7A4F7556}") = "SO115App.Models", "SO115App.Models\SO115App.Models.csproj", "{3EBB04CD-746D-4BF4-9474-DF2D316680AA}"
EndProject
Project("{9A19103F-16F7-4668-BE54-9A1E7A4F7556}") = "SO115App.CQRS", "SO115App.CQRS\SO115App.CQRS.csproj", "{3328A5FE-8FA7-4630-8E97-AC0450FDAA53}"
EndProject
Project("{9A19103F-16F7-4668-BE54-9A1E7A4F7556}") = "SO115App.Logging", "SO115App.Logging\SO115App.Logging.csproj", "{894B71B1-BCB5-4FE5-8835-D752C44E92A2}"
EndProject
Project("{2150E333-8FDC-42A3-9474-1A3956D46DE8}") = "shared", "shared", "{C6D12523-8368-4BB0-9795-4772EFA1D928}"
	ProjectSection(SolutionItems) = preProject
		shared\SO115.licenseheader = shared\SO115.licenseheader
	EndProjectSection
EndProject
Project("{9A19103F-16F7-4668-BE54-9A1E7A4F7556}") = "SO115App.GeneratoreFakeRichieste", "SO115App.GeneratoreFakeRichieste\SO115App.GeneratoreFakeRichieste.csproj", "{59432123-3536-4860-8823-0914618C7FA3}"
EndProject
Project("{9A19103F-16F7-4668-BE54-9A1E7A4F7556}") = "SO115App.API.SOVVF.FakeImplementations.Test", "SO115App.API.SOVVF.FakeImplementations.Test\SO115App.API.SOVVF.FakeImplementations.Test.csproj", "{2CCEA532-DCD3-4EB9-BA09-248976D7E702}"
EndProject
Project("{9A19103F-16F7-4668-BE54-9A1E7A4F7556}") = "SO115App.FakePersistence.JSon", "SO115App.FakePersistenceJSon\SO115App.FakePersistence.JSon.csproj", "{6B0CA229-033A-4B8B-B5D8-7382B744BA26}"
EndProject
Project("{9A19103F-16F7-4668-BE54-9A1E7A4F7556}") = "SO115App.Models.Test", "SO115App.Models.Test\SO115App.Models.Test.csproj", "{3B43664C-E2A8-4626-9F2A-4F37684D0CA7}"
EndProject
Project("{9A19103F-16F7-4668-BE54-9A1E7A4F7556}") = "SO115App.GeneratoreFakeRichieste.Test", "SO115App.GeneratoreFakeRichieste.Test\SO115App.GeneratoreFakeRichieste.Test.csproj", "{91327105-7826-4948-A289-40741D5F1324}"
EndProject
Project("{9A19103F-16F7-4668-BE54-9A1E7A4F7556}") = "SO115App.GeneratoreFakeRichieste.ConsoleRunner", "SO115App.GeneratoreFakeRichieste.ConsoleRunner\SO115App.GeneratoreFakeRichieste.ConsoleRunner.csproj", "{532CDBDD-C932-44AF-A892-C76930968EAE}"
EndProject
Project("{9A19103F-16F7-4668-BE54-9A1E7A4F7556}") = "SO115App.FakePersistence.InMemory", "SO115App.FakePersistence.InMemory\SO115App.FakePersistence.InMemory.csproj", "{A091F135-BCA2-43F5-8109-CBC8BB651A0A}"
EndProject
Project("{9A19103F-16F7-4668-BE54-9A1E7A4F7556}") = "SO115App.SignalR", "SO115App.SignalR\SO115App.SignalR.csproj", "{378DBC3E-B058-4EC4-8B25-7C073BA9989C}"
EndProject
Project("{9A19103F-16F7-4668-BE54-9A1E7A4F7556}") = "SO115App.FakePersistence.InMemory.Test", "SO115App.FakePersistence.InMemory.Test\SO115App.FakePersistence.InMemory.Test.csproj", "{584FC0AA-A32B-491B-BDCF-1DD6191BBCA1}"
EndProject
Project("{FAE04EC0-301F-11D3-BF4B-00C04F79EFBC}") = "SO115App.ApiServizi", "SO115App.ApiServizi\SO115App.ApiServizi.csproj", "{C4427CC0-5DA3-42E4-BA09-4C3F63C03EF5}"
EndProject
Global
	GlobalSection(SolutionConfigurationPlatforms) = preSolution
		Debug|Any CPU = Debug|Any CPU
		Release|Any CPU = Release|Any CPU
	EndGlobalSection
	GlobalSection(ProjectConfigurationPlatforms) = postSolution
		{42DE1A08-3415-4767-9D2A-FC4D6B36799B}.Debug|Any CPU.ActiveCfg = Debug|Any CPU
		{42DE1A08-3415-4767-9D2A-FC4D6B36799B}.Debug|Any CPU.Build.0 = Debug|Any CPU
		{42DE1A08-3415-4767-9D2A-FC4D6B36799B}.Release|Any CPU.ActiveCfg = Release|Any CPU
		{42DE1A08-3415-4767-9D2A-FC4D6B36799B}.Release|Any CPU.Build.0 = Release|Any CPU
		{56F67366-71F8-4728-A13A-7B2174C399E6}.Debug|Any CPU.ActiveCfg = Debug|Any CPU
		{56F67366-71F8-4728-A13A-7B2174C399E6}.Debug|Any CPU.Build.0 = Debug|Any CPU
		{56F67366-71F8-4728-A13A-7B2174C399E6}.Release|Any CPU.ActiveCfg = Release|Any CPU
		{56F67366-71F8-4728-A13A-7B2174C399E6}.Release|Any CPU.Build.0 = Release|Any CPU
		{0B18590F-199F-45CB-A969-E2ADC42991AA}.Debug|Any CPU.ActiveCfg = Debug|Any CPU
		{0B18590F-199F-45CB-A969-E2ADC42991AA}.Debug|Any CPU.Build.0 = Debug|Any CPU
		{0B18590F-199F-45CB-A969-E2ADC42991AA}.Release|Any CPU.ActiveCfg = Release|Any CPU
		{0B18590F-199F-45CB-A969-E2ADC42991AA}.Release|Any CPU.Build.0 = Release|Any CPU
		{3EBB04CD-746D-4BF4-9474-DF2D316680AA}.Debug|Any CPU.ActiveCfg = Debug|Any CPU
		{3EBB04CD-746D-4BF4-9474-DF2D316680AA}.Debug|Any CPU.Build.0 = Debug|Any CPU
		{3EBB04CD-746D-4BF4-9474-DF2D316680AA}.Release|Any CPU.ActiveCfg = Release|Any CPU
		{3EBB04CD-746D-4BF4-9474-DF2D316680AA}.Release|Any CPU.Build.0 = Release|Any CPU
		{3328A5FE-8FA7-4630-8E97-AC0450FDAA53}.Debug|Any CPU.ActiveCfg = Debug|Any CPU
		{3328A5FE-8FA7-4630-8E97-AC0450FDAA53}.Debug|Any CPU.Build.0 = Debug|Any CPU
		{3328A5FE-8FA7-4630-8E97-AC0450FDAA53}.Release|Any CPU.ActiveCfg = Release|Any CPU
		{3328A5FE-8FA7-4630-8E97-AC0450FDAA53}.Release|Any CPU.Build.0 = Release|Any CPU
		{894B71B1-BCB5-4FE5-8835-D752C44E92A2}.Debug|Any CPU.ActiveCfg = Debug|Any CPU
		{894B71B1-BCB5-4FE5-8835-D752C44E92A2}.Debug|Any CPU.Build.0 = Debug|Any CPU
		{894B71B1-BCB5-4FE5-8835-D752C44E92A2}.Release|Any CPU.ActiveCfg = Release|Any CPU
		{894B71B1-BCB5-4FE5-8835-D752C44E92A2}.Release|Any CPU.Build.0 = Release|Any CPU
		{59432123-3536-4860-8823-0914618C7FA3}.Debug|Any CPU.ActiveCfg = Debug|Any CPU
		{59432123-3536-4860-8823-0914618C7FA3}.Debug|Any CPU.Build.0 = Debug|Any CPU
		{59432123-3536-4860-8823-0914618C7FA3}.Release|Any CPU.ActiveCfg = Release|Any CPU
		{59432123-3536-4860-8823-0914618C7FA3}.Release|Any CPU.Build.0 = Release|Any CPU
		{2CCEA532-DCD3-4EB9-BA09-248976D7E702}.Debug|Any CPU.ActiveCfg = Debug|Any CPU
		{2CCEA532-DCD3-4EB9-BA09-248976D7E702}.Debug|Any CPU.Build.0 = Debug|Any CPU
		{2CCEA532-DCD3-4EB9-BA09-248976D7E702}.Release|Any CPU.ActiveCfg = Release|Any CPU
		{2CCEA532-DCD3-4EB9-BA09-248976D7E702}.Release|Any CPU.Build.0 = Release|Any CPU
		{6B0CA229-033A-4B8B-B5D8-7382B744BA26}.Debug|Any CPU.ActiveCfg = Debug|Any CPU
		{6B0CA229-033A-4B8B-B5D8-7382B744BA26}.Debug|Any CPU.Build.0 = Debug|Any CPU
		{6B0CA229-033A-4B8B-B5D8-7382B744BA26}.Release|Any CPU.ActiveCfg = Release|Any CPU
		{6B0CA229-033A-4B8B-B5D8-7382B744BA26}.Release|Any CPU.Build.0 = Release|Any CPU
		{3B43664C-E2A8-4626-9F2A-4F37684D0CA7}.Debug|Any CPU.ActiveCfg = Debug|Any CPU
		{3B43664C-E2A8-4626-9F2A-4F37684D0CA7}.Debug|Any CPU.Build.0 = Debug|Any CPU
		{3B43664C-E2A8-4626-9F2A-4F37684D0CA7}.Release|Any CPU.ActiveCfg = Release|Any CPU
		{3B43664C-E2A8-4626-9F2A-4F37684D0CA7}.Release|Any CPU.Build.0 = Release|Any CPU
		{91327105-7826-4948-A289-40741D5F1324}.Debug|Any CPU.ActiveCfg = Debug|Any CPU
		{91327105-7826-4948-A289-40741D5F1324}.Debug|Any CPU.Build.0 = Debug|Any CPU
		{91327105-7826-4948-A289-40741D5F1324}.Release|Any CPU.ActiveCfg = Release|Any CPU
		{91327105-7826-4948-A289-40741D5F1324}.Release|Any CPU.Build.0 = Release|Any CPU
		{532CDBDD-C932-44AF-A892-C76930968EAE}.Debug|Any CPU.ActiveCfg = Debug|Any CPU
		{532CDBDD-C932-44AF-A892-C76930968EAE}.Debug|Any CPU.Build.0 = Debug|Any CPU
		{532CDBDD-C932-44AF-A892-C76930968EAE}.Release|Any CPU.ActiveCfg = Release|Any CPU
		{532CDBDD-C932-44AF-A892-C76930968EAE}.Release|Any CPU.Build.0 = Release|Any CPU
		{A091F135-BCA2-43F5-8109-CBC8BB651A0A}.Debug|Any CPU.ActiveCfg = Debug|Any CPU
		{A091F135-BCA2-43F5-8109-CBC8BB651A0A}.Debug|Any CPU.Build.0 = Debug|Any CPU
		{A091F135-BCA2-43F5-8109-CBC8BB651A0A}.Release|Any CPU.ActiveCfg = Release|Any CPU
		{A091F135-BCA2-43F5-8109-CBC8BB651A0A}.Release|Any CPU.Build.0 = Release|Any CPU
		{378DBC3E-B058-4EC4-8B25-7C073BA9989C}.Debug|Any CPU.ActiveCfg = Debug|Any CPU
		{378DBC3E-B058-4EC4-8B25-7C073BA9989C}.Debug|Any CPU.Build.0 = Debug|Any CPU
		{378DBC3E-B058-4EC4-8B25-7C073BA9989C}.Release|Any CPU.ActiveCfg = Release|Any CPU
		{378DBC3E-B058-4EC4-8B25-7C073BA9989C}.Release|Any CPU.Build.0 = Release|Any CPU
		{584FC0AA-A32B-491B-BDCF-1DD6191BBCA1}.Debug|Any CPU.ActiveCfg = Debug|Any CPU
		{584FC0AA-A32B-491B-BDCF-1DD6191BBCA1}.Debug|Any CPU.Build.0 = Debug|Any CPU
		{584FC0AA-A32B-491B-BDCF-1DD6191BBCA1}.Release|Any CPU.ActiveCfg = Release|Any CPU
		{584FC0AA-A32B-491B-BDCF-1DD6191BBCA1}.Release|Any CPU.Build.0 = Release|Any CPU
		{C4427CC0-5DA3-42E4-BA09-4C3F63C03EF5}.Debug|Any CPU.ActiveCfg = Debug|Any CPU
		{C4427CC0-5DA3-42E4-BA09-4C3F63C03EF5}.Debug|Any CPU.Build.0 = Debug|Any CPU
		{C4427CC0-5DA3-42E4-BA09-4C3F63C03EF5}.Release|Any CPU.ActiveCfg = Release|Any CPU
		{C4427CC0-5DA3-42E4-BA09-4C3F63C03EF5}.Release|Any CPU.Build.0 = Release|Any CPU
	EndGlobalSection
	GlobalSection(SolutionProperties) = preSolution
		HideSolutionNode = FALSE
	EndGlobalSection
	GlobalSection(ExtensibilityGlobals) = postSolution
		SolutionGuid = {F66AAE40-C020-4A6A-A20A-D82EDD3083EA}
	EndGlobalSection
EndGlobal
