
Microsoft Visual Studio Solution File, Format Version 12.00
# Visual Studio 15
VisualStudioVersion = 15.0.27703.2035
MinimumVisualStudioVersion = 10.0.40219.1
Project("{FAE04EC0-301F-11D3-BF4B-00C04F79EFBC}") = "Modello", "SOVVF\Modello.csproj", "{24FF6BB3-EFFC-499F-9F86-F849454A7217}"
EndProject
Project("{FAE04EC0-301F-11D3-BF4B-00C04F79EFBC}") = "Modello.Test", "Modello.test\Modello.Test.csproj", "{B56AA882-5F96-4DD1-9729-2A99C12EC224}"
EndProject
Project("{2150E333-8FDC-42A3-9474-1A3956D46DE8}") = "Solution Items", "Solution Items", "{7F853A9E-D660-4D66-AC71-8F189B4C4E74}"
	ProjectSection(SolutionItems) = preProject
		SOVVF\SOVVF.cd = SOVVF\SOVVF.cd
		SOVVF.licenseheader = SOVVF.licenseheader
	EndProjectSection
EndProject
Project("{FAE04EC0-301F-11D3-BF4B-00C04F79EFBC}") = "RestInterface", "RestInterface\RestInterface.csproj", "{98B43DF3-B0DC-47BB-897F-D029C7EF22D9}"
EndProject
Project("{FAE04EC0-301F-11D3-BF4B-00C04F79EFBC}") = "SOVVF.FakeImplementations", "SOVVF.FakeImplementations\SOVVF.FakeImplementations.csproj", "{01C504E1-0EB9-42B6-8C2E-9668FA5DD053}"
EndProject
Project("{FAE04EC0-301F-11D3-BF4B-00C04F79EFBC}") = "SOVVF.FakeImplementations.Test", "SOVVF.FakeImplementations.Test\SOVVF.FakeImplementations.Test.csproj", "{971B0A3A-43D0-4912-AB06-B6B3F29996BE}"
EndProject
Project("{FAE04EC0-301F-11D3-BF4B-00C04F79EFBC}") = "Modello.IntegrationTest", "Modello.IntegrationTest\Modello.IntegrationTest.csproj", "{5AE922A7-36E6-45BD-A5D2-69F3428C3488}"
EndProject
Project("{FAE04EC0-301F-11D3-BF4B-00C04F79EFBC}") = "CompositionRoot", "CompositionRoot\CompositionRoot.csproj", "{2634F074-B26E-43A5-82F1-394944B47611}"
EndProject
Project("{E24C65DC-7377-472B-9ABA-BC803B73C61A}") = "so115Rest", "http://localhost/so115Rest", "{2360889F-DFCD-4F3B-9F3F-D816EF4EE287}"
	ProjectSection(WebsiteProperties) = preProject
		UseIISExpress = "false"
		TargetFrameworkMoniker = ".NETFramework,Version%3Dv4.6.1"
		Debug.AspNetCompiler.VirtualPath = "/so115Rest"
		Debug.AspNetCompiler.PhysicalPath = "RestInterface\"
		Debug.AspNetCompiler.TargetPath = "PrecompiledWeb\so115Rest\"
		Debug.AspNetCompiler.Updateable = "true"
		Debug.AspNetCompiler.ForceOverwrite = "true"
		Debug.AspNetCompiler.FixedNames = "false"
		Debug.AspNetCompiler.Debug = "True"
		Release.AspNetCompiler.VirtualPath = "/so115Rest"
		Release.AspNetCompiler.PhysicalPath = "RestInterface\"
		Release.AspNetCompiler.TargetPath = "PrecompiledWeb\so115Rest\"
		Release.AspNetCompiler.Updateable = "true"
		Release.AspNetCompiler.ForceOverwrite = "true"
		Release.AspNetCompiler.FixedNames = "false"
		Release.AspNetCompiler.Debug = "False"
		SlnRelativePath = "RestInterface\"
	EndProjectSection
EndProject
Project("{E24C65DC-7377-472B-9ABA-BC803B73C61A}") = "so115", "http://localhost/so115", "{CD5D8F76-61D0-4A1C-B9BC-C786EDD37A93}"
	ProjectSection(WebsiteProperties) = preProject
		UseIISExpress = "false"
		TargetFrameworkMoniker = ".NETFramework,Version%3Dv4.6.1"
		Debug.AspNetCompiler.VirtualPath = "/so115"
		Debug.AspNetCompiler.PhysicalPath = "..\frontend\launcherComponent\dist\SO115\"
		Debug.AspNetCompiler.TargetPath = "PrecompiledWeb\so115\"
		Debug.AspNetCompiler.Updateable = "true"
		Debug.AspNetCompiler.ForceOverwrite = "true"
		Debug.AspNetCompiler.FixedNames = "false"
		Debug.AspNetCompiler.Debug = "True"
		Release.AspNetCompiler.VirtualPath = "/so115"
		Release.AspNetCompiler.PhysicalPath = "..\frontend\launcherComponent\dist\SO115\"
		Release.AspNetCompiler.TargetPath = "PrecompiledWeb\so115\"
		Release.AspNetCompiler.Updateable = "true"
		Release.AspNetCompiler.ForceOverwrite = "true"
		Release.AspNetCompiler.FixedNames = "false"
		Release.AspNetCompiler.Debug = "False"
		SlnRelativePath = "..\frontend\launcherComponent\dist\SO115\"
	EndProjectSection
EndProject
Project("{9A19103F-16F7-4668-BE54-9A1E7A4F7556}") = "RestCoreInterface", "..\..\..\RestCoreInterface\RestCoreInterface\RestCoreInterface.csproj", "{A5E98A88-7316-4715-9B8E-60280C6DC82A}"
EndProject
Global
	GlobalSection(SolutionConfigurationPlatforms) = preSolution
		Debug|Any CPU = Debug|Any CPU
		Release|Any CPU = Release|Any CPU
	EndGlobalSection
	GlobalSection(ProjectConfigurationPlatforms) = postSolution
		{24FF6BB3-EFFC-499F-9F86-F849454A7217}.Debug|Any CPU.ActiveCfg = Debug|Any CPU
		{24FF6BB3-EFFC-499F-9F86-F849454A7217}.Debug|Any CPU.Build.0 = Debug|Any CPU
		{24FF6BB3-EFFC-499F-9F86-F849454A7217}.Release|Any CPU.ActiveCfg = Release|Any CPU
		{24FF6BB3-EFFC-499F-9F86-F849454A7217}.Release|Any CPU.Build.0 = Release|Any CPU
		{B56AA882-5F96-4DD1-9729-2A99C12EC224}.Debug|Any CPU.ActiveCfg = Debug|Any CPU
		{B56AA882-5F96-4DD1-9729-2A99C12EC224}.Debug|Any CPU.Build.0 = Debug|Any CPU
		{B56AA882-5F96-4DD1-9729-2A99C12EC224}.Release|Any CPU.ActiveCfg = Release|Any CPU
		{B56AA882-5F96-4DD1-9729-2A99C12EC224}.Release|Any CPU.Build.0 = Release|Any CPU
		{98B43DF3-B0DC-47BB-897F-D029C7EF22D9}.Debug|Any CPU.ActiveCfg = Debug|Any CPU
		{98B43DF3-B0DC-47BB-897F-D029C7EF22D9}.Debug|Any CPU.Build.0 = Debug|Any CPU
		{98B43DF3-B0DC-47BB-897F-D029C7EF22D9}.Release|Any CPU.ActiveCfg = Release|Any CPU
		{98B43DF3-B0DC-47BB-897F-D029C7EF22D9}.Release|Any CPU.Build.0 = Release|Any CPU
		{01C504E1-0EB9-42B6-8C2E-9668FA5DD053}.Debug|Any CPU.ActiveCfg = Debug|Any CPU
		{01C504E1-0EB9-42B6-8C2E-9668FA5DD053}.Debug|Any CPU.Build.0 = Debug|Any CPU
		{01C504E1-0EB9-42B6-8C2E-9668FA5DD053}.Release|Any CPU.ActiveCfg = Release|Any CPU
		{01C504E1-0EB9-42B6-8C2E-9668FA5DD053}.Release|Any CPU.Build.0 = Release|Any CPU
		{971B0A3A-43D0-4912-AB06-B6B3F29996BE}.Debug|Any CPU.ActiveCfg = Debug|Any CPU
		{971B0A3A-43D0-4912-AB06-B6B3F29996BE}.Debug|Any CPU.Build.0 = Debug|Any CPU
		{971B0A3A-43D0-4912-AB06-B6B3F29996BE}.Release|Any CPU.ActiveCfg = Release|Any CPU
		{971B0A3A-43D0-4912-AB06-B6B3F29996BE}.Release|Any CPU.Build.0 = Release|Any CPU
		{5AE922A7-36E6-45BD-A5D2-69F3428C3488}.Debug|Any CPU.ActiveCfg = Debug|Any CPU
		{5AE922A7-36E6-45BD-A5D2-69F3428C3488}.Debug|Any CPU.Build.0 = Debug|Any CPU
		{5AE922A7-36E6-45BD-A5D2-69F3428C3488}.Release|Any CPU.ActiveCfg = Release|Any CPU
		{5AE922A7-36E6-45BD-A5D2-69F3428C3488}.Release|Any CPU.Build.0 = Release|Any CPU
		{2634F074-B26E-43A5-82F1-394944B47611}.Debug|Any CPU.ActiveCfg = Debug|Any CPU
		{2634F074-B26E-43A5-82F1-394944B47611}.Debug|Any CPU.Build.0 = Debug|Any CPU
		{2634F074-B26E-43A5-82F1-394944B47611}.Release|Any CPU.ActiveCfg = Release|Any CPU
		{2634F074-B26E-43A5-82F1-394944B47611}.Release|Any CPU.Build.0 = Release|Any CPU
		{2360889F-DFCD-4F3B-9F3F-D816EF4EE287}.Debug|Any CPU.ActiveCfg = Debug|Any CPU
		{2360889F-DFCD-4F3B-9F3F-D816EF4EE287}.Debug|Any CPU.Build.0 = Debug|Any CPU
		{2360889F-DFCD-4F3B-9F3F-D816EF4EE287}.Release|Any CPU.ActiveCfg = Debug|Any CPU
		{2360889F-DFCD-4F3B-9F3F-D816EF4EE287}.Release|Any CPU.Build.0 = Debug|Any CPU
		{CD5D8F76-61D0-4A1C-B9BC-C786EDD37A93}.Debug|Any CPU.ActiveCfg = Debug|Any CPU
		{CD5D8F76-61D0-4A1C-B9BC-C786EDD37A93}.Debug|Any CPU.Build.0 = Debug|Any CPU
		{CD5D8F76-61D0-4A1C-B9BC-C786EDD37A93}.Release|Any CPU.ActiveCfg = Debug|Any CPU
		{CD5D8F76-61D0-4A1C-B9BC-C786EDD37A93}.Release|Any CPU.Build.0 = Debug|Any CPU
		{A5E98A88-7316-4715-9B8E-60280C6DC82A}.Debug|Any CPU.ActiveCfg = Debug|Any CPU
		{A5E98A88-7316-4715-9B8E-60280C6DC82A}.Debug|Any CPU.Build.0 = Debug|Any CPU
		{A5E98A88-7316-4715-9B8E-60280C6DC82A}.Release|Any CPU.ActiveCfg = Release|Any CPU
		{A5E98A88-7316-4715-9B8E-60280C6DC82A}.Release|Any CPU.Build.0 = Release|Any CPU
	EndGlobalSection
	GlobalSection(SolutionProperties) = preSolution
		HideSolutionNode = FALSE
	EndGlobalSection
	GlobalSection(ExtensibilityGlobals) = postSolution
		SolutionGuid = {C7A92627-78DD-44B0-8FF6-E79A116AFFB8}
	EndGlobalSection
EndGlobal
