
Microsoft Visual Studio Solution File, Format Version 12.00
# Visual Studio 14
VisualStudioVersion = 14.0.25420.1
MinimumVisualStudioVersion = 10.0.40219.1
Project("{FAE04EC0-301F-11D3-BF4B-00C04F79EFBC}") = "Modello", "SOVVF\Modello.csproj", "{24FF6BB3-EFFC-499F-9F86-F849454A7217}"
EndProject
Project("{FAE04EC0-301F-11D3-BF4B-00C04F79EFBC}") = "Modello.test", "Modello.test\Modello.test.csproj", "{B56AA882-5F96-4DD1-9729-2A99C12EC224}"
EndProject
Project("{2150E333-8FDC-42A3-9474-1A3956D46DE8}") = "Solution Items", "Solution Items", "{2FFEC905-D7D3-446C-907B-9759F993D471}"
	ProjectSection(SolutionItems) = preProject
		SOVVF\SOVVF.cd = SOVVF\SOVVF.cd
	EndProjectSection
EndProject
Global
	GlobalSection(SolutionConfigurationPlatforms) = preSolution
		Debug|Any CPU = Debug|Any CPU
		Release|Any CPU = Release|Any CPU
	EndGlobalSection
	GlobalSection(ProjectConfigurationPlatforms) = postSolution
		{24FF6BB3-EFFC-499F-9F86-F849454A7217}.Debug|Any CPU.ActiveCfg = Debug|Any CPU
		{24FF6BB3-EFFC-499F-9F86-F849454A7217}.Debug|Any CPU.Build.0 = Debug|Any CPU
		{24FF6BB3-EFFC-499F-9F86-F849454A7217}.Release|Any CPU.ActiveCfg = Release|Any CPU
		{24FF6BB3-EFFC-499F-9F86-F849454A7217}.Release|Any CPU.Build.0 = Release|Any CPU
		{B56AA882-5F96-4DD1-9729-2A99C12EC224}.Debug|Any CPU.ActiveCfg = Debug|Any CPU
		{B56AA882-5F96-4DD1-9729-2A99C12EC224}.Debug|Any CPU.Build.0 = Debug|Any CPU
		{B56AA882-5F96-4DD1-9729-2A99C12EC224}.Release|Any CPU.ActiveCfg = Release|Any CPU
		{B56AA882-5F96-4DD1-9729-2A99C12EC224}.Release|Any CPU.Build.0 = Release|Any CPU
	EndGlobalSection
	GlobalSection(SolutionProperties) = preSolution
		HideSolutionNode = FALSE
	EndGlobalSection
EndGlobal
